
Microsoft Visual Studio Solution File, Format Version 12.00
# Visual Studio 15
VisualStudioVersion = 15.0.28010.2003
MinimumVisualStudioVersion = 10.0.40219.1
Project("{FAE04EC0-301F-11D3-BF4B-00C04F79EFBC}") = "Presentation", "EustonLeisureService\Presentation.csproj", "{C72A67FB-E779-4F48-9C51-DFD3F7F3640A}"
	ProjectSection(ProjectDependencies) = postProject
		{75CCEE49-AE0E-4C9F-A4CA-01CE416D0C89} = {75CCEE49-AE0E-4C9F-A4CA-01CE416D0C89}
	EndProjectSection
EndProject
Project("{9A19103F-16F7-4668-BE54-9A1E7A4F7556}") = "Business", "Business1\Business.csproj", "{0BA37479-60B9-4BB3-B872-76A9A49A1E91}"
EndProject
Project("{9A19103F-16F7-4668-BE54-9A1E7A4F7556}") = "Data", "ClassLibrary1\Data.csproj", "{75CCEE49-AE0E-4C9F-A4CA-01CE416D0C89}"
	ProjectSection(ProjectDependencies) = postProject
		{0BA37479-60B9-4BB3-B872-76A9A49A1E91} = {0BA37479-60B9-4BB3-B872-76A9A49A1E91}
	EndProjectSection
EndProject
Project("{FAE04EC0-301F-11D3-BF4B-00C04F79EFBC}") = "UnitTests", "UnitTests\UnitTests.csproj", "{4AE0DFFC-49A3-4663-A2FF-82586DF35A73}"
EndProject
Global
	GlobalSection(SolutionConfigurationPlatforms) = preSolution
		Debug|Any CPU = Debug|Any CPU
		Release|Any CPU = Release|Any CPU
	EndGlobalSection
	GlobalSection(ProjectConfigurationPlatforms) = postSolution
		{C72A67FB-E779-4F48-9C51-DFD3F7F3640A}.Debug|Any CPU.ActiveCfg = Debug|Any CPU
		{C72A67FB-E779-4F48-9C51-DFD3F7F3640A}.Debug|Any CPU.Build.0 = Debug|Any CPU
		{C72A67FB-E779-4F48-9C51-DFD3F7F3640A}.Release|Any CPU.ActiveCfg = Release|Any CPU
		{C72A67FB-E779-4F48-9C51-DFD3F7F3640A}.Release|Any CPU.Build.0 = Release|Any CPU
		{0BA37479-60B9-4BB3-B872-76A9A49A1E91}.Debug|Any CPU.ActiveCfg = Debug|Any CPU
		{0BA37479-60B9-4BB3-B872-76A9A49A1E91}.Debug|Any CPU.Build.0 = Debug|Any CPU
		{0BA37479-60B9-4BB3-B872-76A9A49A1E91}.Release|Any CPU.ActiveCfg = Release|Any CPU
		{0BA37479-60B9-4BB3-B872-76A9A49A1E91}.Release|Any CPU.Build.0 = Release|Any CPU
		{75CCEE49-AE0E-4C9F-A4CA-01CE416D0C89}.Debug|Any CPU.ActiveCfg = Debug|Any CPU
		{75CCEE49-AE0E-4C9F-A4CA-01CE416D0C89}.Debug|Any CPU.Build.0 = Debug|Any CPU
		{75CCEE49-AE0E-4C9F-A4CA-01CE416D0C89}.Release|Any CPU.ActiveCfg = Release|Any CPU
		{75CCEE49-AE0E-4C9F-A4CA-01CE416D0C89}.Release|Any CPU.Build.0 = Release|Any CPU
		{4AE0DFFC-49A3-4663-A2FF-82586DF35A73}.Debug|Any CPU.ActiveCfg = Debug|Any CPU
		{4AE0DFFC-49A3-4663-A2FF-82586DF35A73}.Debug|Any CPU.Build.0 = Debug|Any CPU
		{4AE0DFFC-49A3-4663-A2FF-82586DF35A73}.Release|Any CPU.ActiveCfg = Release|Any CPU
		{4AE0DFFC-49A3-4663-A2FF-82586DF35A73}.Release|Any CPU.Build.0 = Release|Any CPU
	EndGlobalSection
	GlobalSection(SolutionProperties) = preSolution
		HideSolutionNode = FALSE
	EndGlobalSection
	GlobalSection(ExtensibilityGlobals) = postSolution
		SolutionGuid = {3C358843-D75B-4A23-8E85-43EFC7CC922E}
	EndGlobalSection
EndGlobal
